
Microsoft Visual Studio Solution File, Format Version 12.00
# Visual Studio Version 16
VisualStudioVersion = 16.0.31729.503
MinimumVisualStudioVersion = 10.0.40219.1
Project("{FAE04EC0-301F-11D3-BF4B-00C04F79EFBC}") = "ClothForArms", "ClothForArms\ClothForArms.csproj", "{1F18B2B5-4722-417F-9309-41FE934FCC16}"
EndProject
Project("{FAE04EC0-301F-11D3-BF4B-00C04F79EFBC}") = "WSUniversalLib", "WSUniversalLib\WSUniversalLib.csproj", "{EA33A554-A509-4D5E-83F2-DD1BB0A1DAF5}"
EndProject
Project("{FAE04EC0-301F-11D3-BF4B-00C04F79EFBC}") = "Tests", "Calculation.Tests\Tests.csproj", "{0034BB24-CE76-479E-BF3F-36A142D11361}"
EndProject
Global
	GlobalSection(SolutionConfigurationPlatforms) = preSolution
		Debug|Any CPU = Debug|Any CPU
		Release|Any CPU = Release|Any CPU
	EndGlobalSection
	GlobalSection(ProjectConfigurationPlatforms) = postSolution
		{1F18B2B5-4722-417F-9309-41FE934FCC16}.Debug|Any CPU.ActiveCfg = Debug|Any CPU
		{1F18B2B5-4722-417F-9309-41FE934FCC16}.Debug|Any CPU.Build.0 = Debug|Any CPU
		{1F18B2B5-4722-417F-9309-41FE934FCC16}.Release|Any CPU.ActiveCfg = Release|Any CPU
		{1F18B2B5-4722-417F-9309-41FE934FCC16}.Release|Any CPU.Build.0 = Release|Any CPU
		{EA33A554-A509-4D5E-83F2-DD1BB0A1DAF5}.Debug|Any CPU.ActiveCfg = Debug|Any CPU
		{EA33A554-A509-4D5E-83F2-DD1BB0A1DAF5}.Debug|Any CPU.Build.0 = Debug|Any CPU
		{EA33A554-A509-4D5E-83F2-DD1BB0A1DAF5}.Release|Any CPU.ActiveCfg = Release|Any CPU
		{EA33A554-A509-4D5E-83F2-DD1BB0A1DAF5}.Release|Any CPU.Build.0 = Release|Any CPU
		{0034BB24-CE76-479E-BF3F-36A142D11361}.Debug|Any CPU.ActiveCfg = Debug|Any CPU
		{0034BB24-CE76-479E-BF3F-36A142D11361}.Debug|Any CPU.Build.0 = Debug|Any CPU
		{0034BB24-CE76-479E-BF3F-36A142D11361}.Release|Any CPU.ActiveCfg = Release|Any CPU
		{0034BB24-CE76-479E-BF3F-36A142D11361}.Release|Any CPU.Build.0 = Release|Any CPU
	EndGlobalSection
	GlobalSection(SolutionProperties) = preSolution
		HideSolutionNode = FALSE
	EndGlobalSection
	GlobalSection(ExtensibilityGlobals) = postSolution
		SolutionGuid = {E72C3AC6-62F6-48B6-BB56-2EF6F3F31A52}
	EndGlobalSection
EndGlobal
